
Microsoft Visual Studio Solution File, Format Version 12.00
# Visual Studio Version 16
VisualStudioVersion = 16.0.29806.167
MinimumVisualStudioVersion = 10.0.40219.1
Project("{FAE04EC0-301F-11D3-BF4B-00C04F79EFBC}") = "HRM", "HRM\HRM.csproj", "{EBE4D847-ADAD-44B1-835F-07EAC4B02627}"
EndProject
Global
	GlobalSection(SolutionConfigurationPlatforms) = preSolution
		Debug|Any CPU = Debug|Any CPU
		Release|Any CPU = Release|Any CPU
	EndGlobalSection
	GlobalSection(ProjectConfigurationPlatforms) = postSolution
		{EBE4D847-ADAD-44B1-835F-07EAC4B02627}.Debug|Any CPU.ActiveCfg = Debug|Any CPU
		{EBE4D847-ADAD-44B1-835F-07EAC4B02627}.Debug|Any CPU.Build.0 = Debug|Any CPU
		{EBE4D847-ADAD-44B1-835F-07EAC4B02627}.Release|Any CPU.ActiveCfg = Release|Any CPU
		{EBE4D847-ADAD-44B1-835F-07EAC4B02627}.Release|Any CPU.Build.0 = Release|Any CPU
	EndGlobalSection
	GlobalSection(SolutionProperties) = preSolution
		HideSolutionNode = FALSE
	EndGlobalSection
	GlobalSection(ExtensibilityGlobals) = postSolution
		SolutionGuid = {4F0D70DE-1271-4089-B147-95C0061BA1EC}
	EndGlobalSection
EndGlobal
